
Microsoft Visual Studio Solution File, Format Version 12.00
Project("{FAE04EC0-301F-11D3-BF4B-00C04F79EFBC}") = "lynq", "lynq\lynq.csproj", "{B7BFC13B-1E28-412A-9F2D-816165D45591}"
EndProject
Global
	GlobalSection(SolutionConfigurationPlatforms) = preSolution
		Debug|Any CPU = Debug|Any CPU
		Release|Any CPU = Release|Any CPU
	EndGlobalSection
	GlobalSection(ProjectConfigurationPlatforms) = postSolution
		{B7BFC13B-1E28-412A-9F2D-816165D45591}.Debug|Any CPU.ActiveCfg = Debug|Any CPU
		{B7BFC13B-1E28-412A-9F2D-816165D45591}.Debug|Any CPU.Build.0 = Debug|Any CPU
		{B7BFC13B-1E28-412A-9F2D-816165D45591}.Release|Any CPU.ActiveCfg = Release|Any CPU
		{B7BFC13B-1E28-412A-9F2D-816165D45591}.Release|Any CPU.Build.0 = Release|Any CPU
	EndGlobalSection
EndGlobal
